
Microsoft Visual Studio Solution File, Format Version 11.00
# Visual Studio 2010
Project("{FAE04EC0-301F-11D3-BF4B-00C04F79EFBC}") = "EFBootstrap", "EFBootstrap\EFBootstrap.csproj", "{F93D94C5-2C94-4C3C-83F3-5D559A223B81}"
EndProject
Global
	GlobalSection(SolutionConfigurationPlatforms) = preSolution
		Debug|Any CPU = Debug|Any CPU
		Release|Any CPU = Release|Any CPU
	EndGlobalSection
	GlobalSection(ProjectConfigurationPlatforms) = postSolution
		{F93D94C5-2C94-4C3C-83F3-5D559A223B81}.Debug|Any CPU.ActiveCfg = Debug|Any CPU
		{F93D94C5-2C94-4C3C-83F3-5D559A223B81}.Debug|Any CPU.Build.0 = Debug|Any CPU
		{F93D94C5-2C94-4C3C-83F3-5D559A223B81}.Release|Any CPU.ActiveCfg = Release|Any CPU
		{F93D94C5-2C94-4C3C-83F3-5D559A223B81}.Release|Any CPU.Build.0 = Release|Any CPU
	EndGlobalSection
	GlobalSection(SolutionProperties) = preSolution
		HideSolutionNode = FALSE
	EndGlobalSection
EndGlobal
